PODS:
  - NKOColorPickerView (0.5)
  - ReSwift (5.0.0)

DEPENDENCIES:
  - NKOColorPickerView
  - ReSwift

SPEC REPOS:
  https://github.com/cocoapods/specs.git:
    - NKOColorPickerView
    - ReSwift

SPEC CHECKSUMS:
  NKOColorPickerView: 895ca86fe5bd16f27c311ce8f5888907efee29ad
  ReSwift: 628f1a9b3ee52e3b3ca2a644435472fd77afafe1

PODFILE CHECKSUM: f3219598ae492b31b0e73b79547d64de0de7dab3

COCOAPODS: 1.6.1
